// !$*UTF8*$!
{
	archiveVersion = 1;
	classes = {
	};
	objectVersion = 56;
	objects = {

/* Begin PBXBuildFile section */
		E0ECECFE2C33F9B300A67525 /* AppDelegate.swift in Sources */ = {isa = PBXBuildFile; fileRef = E0ECECFD2C33F9B300A67525 /* AppDelegate.swift */; };
		E0ECED002C33F9B300A67525 /* SceneDelegate.swift in Sources */ = {isa = PBXBuildFile; fileRef = E0ECECFF2C33F9B300A67525 /* SceneDelegate.swift */; };
		E0ECED072C33F9B400A67525 /* Assets.xcassets in Resources */ = {isa = PBXBuildFile; fileRef = E0ECED062C33F9B400A67525 /* Assets.xcassets */; };
		E0ECED0A2C33F9B400A67525 /* Base in Resources */ = {isa = PBXBuildFile; fileRef = E0ECED092C33F9B400A67525 /* Base */; };
		E0ECED122C33F9FA00A67525 /* .gitignore in Resources */ = {isa = PBXBuildFile; fileRef = E0ECED112C33F9FA00A67525 /* .gitignore */; };
		E0ECED172C33FB0300A67525 /* BaseViewController.swift in Sources */ = {isa = PBXBuildFile; fileRef = E0ECED162C33FB0300A67525 /* BaseViewController.swift */; };
		E0ECED1A2C33FB6400A67525 /* AddViewController.swift in Sources */ = {isa = PBXBuildFile; fileRef = E0ECED192C33FB6400A67525 /* AddViewController.swift */; };
		E0ECED1C2C33FBD200A67525 /* MainViewController.swift in Sources */ = {isa = PBXBuildFile; fileRef = E0ECED1B2C33FBD200A67525 /* MainViewController.swift */; };
		E0ECED1E2C33FC4F00A67525 /* BaseViewControllerLargeTitle.swift in Sources */ = {isa = PBXBuildFile; fileRef = E0ECED1D2C33FC4F00A67525 /* BaseViewControllerLargeTitle.swift */; };
		E0ECED212C33FCFE00A67525 /* SnapKit in Frameworks */ = {isa = PBXBuildFile; productRef = E0ECED202C33FCFE00A67525 /* SnapKit */; };
		E0ECED252C34018D00A67525 /* ReminderCase.swift in Sources */ = {isa = PBXBuildFile; fileRef = E0ECED242C34018D00A67525 /* ReminderCase.swift */; };
		E0ECED2C2C3402D300A67525 /* ReusableIdentifier.swift in Sources */ = {isa = PBXBuildFile; fileRef = E0ECED2B2C3402D300A67525 /* ReusableIdentifier.swift */; };
		E0ECED2E2C34037500A67525 /* Resource.swift in Sources */ = {isa = PBXBuildFile; fileRef = E0ECED2D2C34037500A67525 /* Resource.swift */; };
		E0ECED302C34052500A67525 /* MainCollectionViewCell.swift in Sources */ = {isa = PBXBuildFile; fileRef = E0ECED2F2C34052500A67525 /* MainCollectionViewCell.swift */; };
		E0ECED332C3405BC00A67525 /* Todo.swift in Sources */ = {isa = PBXBuildFile; fileRef = E0ECED322C3405BC00A67525 /* Todo.swift */; };
		E0ECED362C3405E000A67525 /* RealmSwift in Frameworks */ = {isa = PBXBuildFile; productRef = E0ECED352C3405E000A67525 /* RealmSwift */; };
		E0ECED3D2C341CCF00A67525 /* UIViewController + Extension.swift in Sources */ = {isa = PBXBuildFile; fileRef = E0ECED3C2C341CCF00A67525 /* UIViewController + Extension.swift */; };
		E0ECED3F2C3422E400A67525 /* AttributeTableViewCell.swift in Sources */ = {isa = PBXBuildFile; fileRef = E0ECED3E2C3422E400A67525 /* AttributeTableViewCell.swift */; };
		E0ECED452C3429C600A67525 /* ContentTableViewCell.swift in Sources */ = {isa = PBXBuildFile; fileRef = E0ECED442C3429C600A67525 /* ContentTableViewCell.swift */; };
		E0ECED472C3429D900A67525 /* BaseTableViewCell.swift in Sources */ = {isa = PBXBuildFile; fileRef = E0ECED462C3429D900A67525 /* BaseTableViewCell.swift */; };
		E0ECED4A2C34367000A67525 /* Toast in Frameworks */ = {isa = PBXBuildFile; productRef = E0ECED492C34367000A67525 /* Toast */; };
		E0ECED4C2C343B2D00A67525 /* ListViewController.swift in Sources */ = {isa = PBXBuildFile; fileRef = E0ECED4B2C343B2D00A67525 /* ListViewController.swift */; };
		E0ECED4E2C343D8700A67525 /* ListTableViewCell.swift in Sources */ = {isa = PBXBuildFile; fileRef = E0ECED4D2C343D8700A67525 /* ListTableViewCell.swift */; };
		E0ECED502C34D10900A67525 /* TodoList.swift in Sources */ = {isa = PBXBuildFile; fileRef = E0ECED4F2C34D10900A67525 /* TodoList.swift */; };
		E0ECED562C34E07E00A67525 /* RealmSwift in Embed Frameworks */ = {isa = PBXBuildFile; productRef = E0ECED352C3405E000A67525 /* RealmSwift */; settings = {ATTRIBUTES = (CodeSignOnCopy, ); }; };
		E0ECED5F2C3558BB00A67525 /* DateViewController.swift in Sources */ = {isa = PBXBuildFile; fileRef = E0ECED5E2C3558BB00A67525 /* DateViewController.swift */; };
		E0ECED612C35745800A67525 /* TagViewController.swift in Sources */ = {isa = PBXBuildFile; fileRef = E0ECED602C35745800A67525 /* TagViewController.swift */; };
		E0ECED652C357CEB00A67525 /* CustomBorder.swift in Sources */ = {isa = PBXBuildFile; fileRef = E0ECED642C357CEB00A67525 /* CustomBorder.swift */; };
		E0ECED672C357E2C00A67525 /* PriorityViewController.swift in Sources */ = {isa = PBXBuildFile; fileRef = E0ECED662C357E2C00A67525 /* PriorityViewController.swift */; };
		E0ECED6C2C35866B00A67525 /* CustomHorizontalStackView.swift in Sources */ = {isa = PBXBuildFile; fileRef = E0ECED6B2C35866B00A67525 /* CustomHorizontalStackView.swift */; };
		E0ECED742C36908500A67525 /* TodoRepository.swift in Sources */ = {isa = PBXBuildFile; fileRef = E0ECED732C36908500A67525 /* TodoRepository.swift */; };
		E0ECED812C37DFF000A67525 /* CalendarViewController.swift in Sources */ = {isa = PBXBuildFile; fileRef = E0ECED802C37DFF000A67525 /* CalendarViewController.swift */; };
		E0ECED832C37E06000A67525 /* UICollectionViewLayout + Extension.swift in Sources */ = {isa = PBXBuildFile; fileRef = E0ECED822C37E06000A67525 /* UICollectionViewLayout + Extension.swift */; };
		E0ECED882C390D4B00A67525 /* FSCalendar in Frameworks */ = {isa = PBXBuildFile; productRef = E0ECED872C390D4B00A67525 /* FSCalendar */; };
		E0F85A272C3BD4F90075E7A9 /* UIColor + Extension.swift in Sources */ = {isa = PBXBuildFile; fileRef = E0F85A262C3BD4F90075E7A9 /* UIColor + Extension.swift */; };
		E0F85A292C3BEA650075E7A9 /* TodoListRepository.swift in Sources */ = {isa = PBXBuildFile; fileRef = E0F85A282C3BEA650075E7A9 /* TodoListRepository.swift */; };
		E0F85A662C3E39970075E7A9 /* MainViewModel.swift in Sources */ = {isa = PBXBuildFile; fileRef = E0F85A652C3E39970075E7A9 /* MainViewModel.swift */; };
		E0F85A682C3E39A30075E7A9 /* Observable.swift in Sources */ = {isa = PBXBuildFile; fileRef = E0F85A672C3E39A30075E7A9 /* Observable.swift */; };
		E0F85A6A2C3E58A00075E7A9 /* AddViewModel.swift in Sources */ = {isa = PBXBuildFile; fileRef = E0F85A692C3E58A00075E7A9 /* AddViewModel.swift */; };
		E0F85A6C2C3E71FE0075E7A9 /* DateFormatterManager.swift in Sources */ = {isa = PBXBuildFile; fileRef = E0F85A6B2C3E71FE0075E7A9 /* DateFormatterManager.swift */; };
		E0F85A6E2C3E73D60075E7A9 /* DocumentManager.swift in Sources */ = {isa = PBXBuildFile; fileRef = E0F85A6D2C3E73D60075E7A9 /* DocumentManager.swift */; };
/* End PBXBuildFile section */

/* Begin PBXCopyFilesBuildPhase section */
		E0ECED572C34E07E00A67525 /* Embed Frameworks */ = {
			isa = PBXCopyFilesBuildPhase;
			buildActionMask = 2147483647;
			dstPath = "";
			dstSubfolderSpec = 10;
			files = (
				E0ECED562C34E07E00A67525 /* RealmSwift in Embed Frameworks */,
			);
			name = "Embed Frameworks";
			runOnlyForDeploymentPostprocessing = 0;
		};
/* End PBXCopyFilesBuildPhase section */

/* Begin PBXFileReference section */
		E0ECECFA2C33F9B300A67525 /* TodoReminder.app */ = {isa = PBXFileReference; explicitFileType = wrapper.application; includeInIndex = 0; path = TodoReminder.app; sourceTree = BUILT_PRODUCTS_DIR; };
		E0ECECFD2C33F9B300A67525 /* AppDelegate.swift */ = {isa = PBXFileReference; lastKnownFileType = sourcecode.swift; path = AppDelegate.swift; sourceTree = "<group>"; };
		E0ECECFF2C33F9B300A67525 /* SceneDelegate.swift */ = {isa = PBXFileReference; lastKnownFileType = sourcecode.swift; path = SceneDelegate.swift; sourceTree = "<group>"; };
		E0ECED062C33F9B400A67525 /* Assets.xcassets */ = {isa = PBXFileReference; lastKnownFileType = folder.assetcatalog; path = Assets.xcassets; sourceTree = "<group>"; };
		E0ECED092C33F9B400A67525 /* Base */ = {isa = PBXFileReference; lastKnownFileType = file.storyboard; name = Base; path = Base.lproj/LaunchScreen.storyboard; sourceTree = "<group>"; };
		E0ECED0B2C33F9B400A67525 /* Info.plist */ = {isa = PBXFileReference; lastKnownFileType = text.plist.xml; path = Info.plist; sourceTree = "<group>"; };
		E0ECED112C33F9FA00A67525 /* .gitignore */ = {isa = PBXFileReference; lastKnownFileType = text; path = .gitignore; sourceTree = "<group>"; };
		E0ECED162C33FB0300A67525 /* BaseViewController.swift */ = {isa = PBXFileReference; lastKnownFileType = sourcecode.swift; path = BaseViewController.swift; sourceTree = "<group>"; };
		E0ECED192C33FB6400A67525 /* AddViewController.swift */ = {isa = PBXFileReference; lastKnownFileType = sourcecode.swift; path = AddViewController.swift; sourceTree = "<group>"; };
		E0ECED1B2C33FBD200A67525 /* MainViewController.swift */ = {isa = PBXFileReference; lastKnownFileType = sourcecode.swift; path = MainViewController.swift; sourceTree = "<group>"; };
		E0ECED1D2C33FC4F00A67525 /* BaseViewControllerLargeTitle.swift */ = {isa = PBXFileReference; lastKnownFileType = sourcecode.swift; path = BaseViewControllerLargeTitle.swift; sourceTree = "<group>"; };
		E0ECED242C34018D00A67525 /* ReminderCase.swift */ = {isa = PBXFileReference; lastKnownFileType = sourcecode.swift; path = ReminderCase.swift; sourceTree = "<group>"; };
		E0ECED2B2C3402D300A67525 /* ReusableIdentifier.swift */ = {isa = PBXFileReference; lastKnownFileType = sourcecode.swift; path = ReusableIdentifier.swift; sourceTree = "<group>"; };
		E0ECED2D2C34037500A67525 /* Resource.swift */ = {isa = PBXFileReference; lastKnownFileType = sourcecode.swift; path = Resource.swift; sourceTree = "<group>"; };
		E0ECED2F2C34052500A67525 /* MainCollectionViewCell.swift */ = {isa = PBXFileReference; lastKnownFileType = sourcecode.swift; path = MainCollectionViewCell.swift; sourceTree = "<group>"; };
		E0ECED322C3405BC00A67525 /* Todo.swift */ = {isa = PBXFileReference; lastKnownFileType = sourcecode.swift; path = Todo.swift; sourceTree = "<group>"; };
		E0ECED3C2C341CCF00A67525 /* UIViewController + Extension.swift */ = {isa = PBXFileReference; lastKnownFileType = sourcecode.swift; path = "UIViewController + Extension.swift"; sourceTree = "<group>"; };
		E0ECED3E2C3422E400A67525 /* AttributeTableViewCell.swift */ = {isa = PBXFileReference; lastKnownFileType = sourcecode.swift; path = AttributeTableViewCell.swift; sourceTree = "<group>"; };
		E0ECED442C3429C600A67525 /* ContentTableViewCell.swift */ = {isa = PBXFileReference; lastKnownFileType = sourcecode.swift; path = ContentTableViewCell.swift; sourceTree = "<group>"; };
		E0ECED462C3429D900A67525 /* BaseTableViewCell.swift */ = {isa = PBXFileReference; lastKnownFileType = sourcecode.swift; path = BaseTableViewCell.swift; sourceTree = "<group>"; };
		E0ECED4B2C343B2D00A67525 /* ListViewController.swift */ = {isa = PBXFileReference; lastKnownFileType = sourcecode.swift; path = ListViewController.swift; sourceTree = "<group>"; };
		E0ECED4D2C343D8700A67525 /* ListTableViewCell.swift */ = {isa = PBXFileReference; lastKnownFileType = sourcecode.swift; path = ListTableViewCell.swift; sourceTree = "<group>"; };
		E0ECED4F2C34D10900A67525 /* TodoList.swift */ = {isa = PBXFileReference; lastKnownFileType = sourcecode.swift; path = TodoList.swift; sourceTree = "<group>"; };
		E0ECED5E2C3558BB00A67525 /* DateViewController.swift */ = {isa = PBXFileReference; lastKnownFileType = sourcecode.swift; path = DateViewController.swift; sourceTree = "<group>"; };
		E0ECED602C35745800A67525 /* TagViewController.swift */ = {isa = PBXFileReference; lastKnownFileType = sourcecode.swift; path = TagViewController.swift; sourceTree = "<group>"; };
		E0ECED642C357CEB00A67525 /* CustomBorder.swift */ = {isa = PBXFileReference; lastKnownFileType = sourcecode.swift; path = CustomBorder.swift; sourceTree = "<group>"; };
		E0ECED662C357E2C00A67525 /* PriorityViewController.swift */ = {isa = PBXFileReference; lastKnownFileType = sourcecode.swift; path = PriorityViewController.swift; sourceTree = "<group>"; };
		E0ECED6B2C35866B00A67525 /* CustomHorizontalStackView.swift */ = {isa = PBXFileReference; lastKnownFileType = sourcecode.swift; path = CustomHorizontalStackView.swift; sourceTree = "<group>"; };
		E0ECED732C36908500A67525 /* TodoRepository.swift */ = {isa = PBXFileReference; lastKnownFileType = sourcecode.swift; path = TodoRepository.swift; sourceTree = "<group>"; };
		E0ECED802C37DFF000A67525 /* CalendarViewController.swift */ = {isa = PBXFileReference; lastKnownFileType = sourcecode.swift; path = CalendarViewController.swift; sourceTree = "<group>"; };
		E0ECED822C37E06000A67525 /* UICollectionViewLayout + Extension.swift */ = {isa = PBXFileReference; lastKnownFileType = sourcecode.swift; path = "UICollectionViewLayout + Extension.swift"; sourceTree = "<group>"; };
		E0F85A262C3BD4F90075E7A9 /* UIColor + Extension.swift */ = {isa = PBXFileReference; lastKnownFileType = sourcecode.swift; path = "UIColor + Extension.swift"; sourceTree = "<group>"; };
		E0F85A282C3BEA650075E7A9 /* TodoListRepository.swift */ = {isa = PBXFileReference; lastKnownFileType = sourcecode.swift; path = TodoListRepository.swift; sourceTree = "<group>"; };
		E0F85A652C3E39970075E7A9 /* MainViewModel.swift */ = {isa = PBXFileReference; lastKnownFileType = sourcecode.swift; path = MainViewModel.swift; sourceTree = "<group>"; };
		E0F85A672C3E39A30075E7A9 /* Observable.swift */ = {isa = PBXFileReference; lastKnownFileType = sourcecode.swift; path = Observable.swift; sourceTree = "<group>"; };
		E0F85A692C3E58A00075E7A9 /* AddViewModel.swift */ = {isa = PBXFileReference; lastKnownFileType = sourcecode.swift; path = AddViewModel.swift; sourceTree = "<group>"; };
		E0F85A6B2C3E71FE0075E7A9 /* DateFormatterManager.swift */ = {isa = PBXFileReference; lastKnownFileType = sourcecode.swift; path = DateFormatterManager.swift; sourceTree = "<group>"; };
		E0F85A6D2C3E73D60075E7A9 /* DocumentManager.swift */ = {isa = PBXFileReference; lastKnownFileType = sourcecode.swift; path = DocumentManager.swift; sourceTree = "<group>"; };
/* End PBXFileReference section */

/* Begin PBXFrameworksBuildPhase section */
		E0ECECF72C33F9B300A67525 /* Frameworks */ = {
			isa = PBXFrameworksBuildPhase;
			buildActionMask = 2147483647;
			files = (
				E0ECED4A2C34367000A67525 /* Toast in Frameworks */,
				E0ECED882C390D4B00A67525 /* FSCalendar in Frameworks */,
				E0ECED362C3405E000A67525 /* RealmSwift in Frameworks */,
				E0ECED212C33FCFE00A67525 /* SnapKit in Frameworks */,
			);
			runOnlyForDeploymentPostprocessing = 0;
		};
/* End PBXFrameworksBuildPhase section */

/* Begin PBXGroup section */
		E0ECECF12C33F9B300A67525 = {
			isa = PBXGroup;
			children = (
				E0ECED112C33F9FA00A67525 /* .gitignore */,
				E0ECECFC2C33F9B300A67525 /* TodoReminder */,
				E0ECECFB2C33F9B300A67525 /* Products */,
			);
			sourceTree = "<group>";
		};
		E0ECECFB2C33F9B300A67525 /* Products */ = {
			isa = PBXGroup;
			children = (
				E0ECECFA2C33F9B300A67525 /* TodoReminder.app */,
			);
			name = Products;
			sourceTree = "<group>";
		};
		E0ECECFC2C33F9B300A67525 /* TodoReminder */ = {
			isa = PBXGroup;
			children = (
				E0F85A702C3EB0DC0075E7A9 /* Components */,
				E0ECED3B2C341CC400A67525 /* Extension */,
				E0F85A6F2C3EB09E0075E7A9 /* Manager */,
				E0ECED772C3697CC00A67525 /* Database */,
				E0F85A642C3E39880075E7A9 /* ViewModel */,
				E0ECED2A2C3402CA00A67525 /* Protocol */,
				E0ECED6A2C35838100A67525 /* Main */,
				E0ECED5D2C35589500A67525 /* Add */,
				E0ECED682C35837200A67525 /* List */,
				E0ECECFD2C33F9B300A67525 /* AppDelegate.swift */,
				E0ECECFF2C33F9B300A67525 /* SceneDelegate.swift */,
				E0ECED062C33F9B400A67525 /* Assets.xcassets */,
				E0ECED082C33F9B400A67525 /* LaunchScreen.storyboard */,
				E0ECED0B2C33F9B400A67525 /* Info.plist */,
			);
			path = TodoReminder;
			sourceTree = "<group>";
		};
		E0ECED132C33FA7000A67525 /* Base */ = {
			isa = PBXGroup;
			children = (
				E0ECED162C33FB0300A67525 /* BaseViewController.swift */,
				E0ECED1D2C33FC4F00A67525 /* BaseViewControllerLargeTitle.swift */,
				E0ECED462C3429D900A67525 /* BaseTableViewCell.swift */,
			);
			path = Base;
			sourceTree = "<group>";
		};
		E0ECED222C33FFD600A67525 /* Cell */ = {
			isa = PBXGroup;
			children = (
				E0ECED2F2C34052500A67525 /* MainCollectionViewCell.swift */,
			);
			path = Cell;
			sourceTree = "<group>";
		};
		E0ECED232C34018200A67525 /* Resources */ = {
			isa = PBXGroup;
			children = (
				E0ECED242C34018D00A67525 /* ReminderCase.swift */,
				E0ECED2D2C34037500A67525 /* Resource.swift */,
			);
			path = Resources;
			sourceTree = "<group>";
		};
		E0ECED2A2C3402CA00A67525 /* Protocol */ = {
			isa = PBXGroup;
			children = (
				E0ECED2B2C3402D300A67525 /* ReusableIdentifier.swift */,
			);
			path = Protocol;
			sourceTree = "<group>";
		};
		E0ECED312C3405B700A67525 /* Model */ = {
			isa = PBXGroup;
			children = (
				E0ECED322C3405BC00A67525 /* Todo.swift */,
				E0ECED4F2C34D10900A67525 /* TodoList.swift */,
			);
			path = Model;
			sourceTree = "<group>";
		};
		E0ECED3B2C341CC400A67525 /* Extension */ = {
			isa = PBXGroup;
			children = (
				E0ECED3C2C341CCF00A67525 /* UIViewController + Extension.swift */,
				E0ECED822C37E06000A67525 /* UICollectionViewLayout + Extension.swift */,
				E0F85A262C3BD4F90075E7A9 /* UIColor + Extension.swift */,
			);
			path = Extension;
			sourceTree = "<group>";
		};
		E0ECED5A2C34E60900A67525 /* Add */ = {
			isa = PBXGroup;
			children = (
				E0ECED442C3429C600A67525 /* ContentTableViewCell.swift */,
				E0ECED3E2C3422E400A67525 /* AttributeTableViewCell.swift */,
			);
			path = Add;
			sourceTree = "<group>";
		};
		E0ECED5D2C35589500A67525 /* Add */ = {
			isa = PBXGroup;
			children = (
				E0ECED5A2C34E60900A67525 /* Add */,
				E0ECED192C33FB6400A67525 /* AddViewController.swift */,
				E0ECED602C35745800A67525 /* TagViewController.swift */,
				E0ECED662C357E2C00A67525 /* PriorityViewController.swift */,
				E0ECED5E2C3558BB00A67525 /* DateViewController.swift */,
			);
			path = Add;
			sourceTree = "<group>";
		};
		E0ECED632C357CE500A67525 /* Custom */ = {
			isa = PBXGroup;
			children = (
				E0ECED642C357CEB00A67525 /* CustomBorder.swift */,
				E0ECED6B2C35866B00A67525 /* CustomHorizontalStackView.swift */,
			);
			path = Custom;
			sourceTree = "<group>";
		};
		E0ECED682C35837200A67525 /* List */ = {
			isa = PBXGroup;
			children = (
				E0ECED692C35837800A67525 /* Cell */,
				E0ECED4B2C343B2D00A67525 /* ListViewController.swift */,
			);
			path = List;
			sourceTree = "<group>";
		};
		E0ECED692C35837800A67525 /* Cell */ = {
			isa = PBXGroup;
			children = (
				E0ECED4D2C343D8700A67525 /* ListTableViewCell.swift */,
			);
			path = Cell;
			sourceTree = "<group>";
		};
		E0ECED6A2C35838100A67525 /* Main */ = {
			isa = PBXGroup;
			children = (
				E0ECED222C33FFD600A67525 /* Cell */,
				E0ECED1B2C33FBD200A67525 /* MainViewController.swift */,
				E0ECED802C37DFF000A67525 /* CalendarViewController.swift */,
			);
			path = Main;
			sourceTree = "<group>";
		};
		E0ECED772C3697CC00A67525 /* Database */ = {
			isa = PBXGroup;
			children = (
				E0ECED312C3405B700A67525 /* Model */,
				E0ECED732C36908500A67525 /* TodoRepository.swift */,
				E0F85A282C3BEA650075E7A9 /* TodoListRepository.swift */,
			);
			path = Database;
			sourceTree = "<group>";
		};
		E0F85A642C3E39880075E7A9 /* ViewModel */ = {
			isa = PBXGroup;
			children = (
				E0F85A652C3E39970075E7A9 /* MainViewModel.swift */,
				E0F85A692C3E58A00075E7A9 /* AddViewModel.swift */,
				E0F85A672C3E39A30075E7A9 /* Observable.swift */,
			);
			path = ViewModel;
			sourceTree = "<group>";
		};
		E0F85A6F2C3EB09E0075E7A9 /* Manager */ = {
			isa = PBXGroup;
			children = (
				E0F85A6D2C3E73D60075E7A9 /* DocumentManager.swift */,
				E0F85A6B2C3E71FE0075E7A9 /* DateFormatterManager.swift */,
			);
			path = Manager;
			sourceTree = "<group>";
		};
		E0F85A702C3EB0DC0075E7A9 /* Components */ = {
			isa = PBXGroup;
			children = (
				E0ECED632C357CE500A67525 /* Custom */,
				E0ECED132C33FA7000A67525 /* Base */,
				E0ECED232C34018200A67525 /* Resources */,
			);
			path = Components;
			sourceTree = "<group>";
		};
/* End PBXGroup section */

/* Begin PBXNativeTarget section */
		E0ECECF92C33F9B300A67525 /* TodoReminder */ = {
			isa = PBXNativeTarget;
			buildConfigurationList = E0ECED0E2C33F9B400A67525 /* Build configuration list for PBXNativeTarget "TodoReminder" */;
			buildPhases = (
				E0ECECF62C33F9B300A67525 /* Sources */,
				E0ECECF72C33F9B300A67525 /* Frameworks */,
				E0ECECF82C33F9B300A67525 /* Resources */,
				E0ECED572C34E07E00A67525 /* Embed Frameworks */,
			);
			buildRules = (
			);
			dependencies = (
			);
			name = TodoReminder;
			packageProductDependencies = (
				E0ECED202C33FCFE00A67525 /* SnapKit */,
				E0ECED352C3405E000A67525 /* RealmSwift */,
				E0ECED492C34367000A67525 /* Toast */,
				E0ECED872C390D4B00A67525 /* FSCalendar */,
			);
			productName = TodoReminder;
			productReference = E0ECECFA2C33F9B300A67525 /* TodoReminder.app */;
			productType = "com.apple.product-type.application";
		};
/* End PBXNativeTarget section */

/* Begin PBXProject section */
		E0ECECF22C33F9B300A67525 /* Project object */ = {
			isa = PBXProject;
			attributes = {
				BuildIndependentTargetsInParallel = 1;
				LastSwiftUpdateCheck = 1530;
				LastUpgradeCheck = 1530;
				TargetAttributes = {
					E0ECECF92C33F9B300A67525 = {
						CreatedOnToolsVersion = 15.3;
					};
				};
			};
			buildConfigurationList = E0ECECF52C33F9B300A67525 /* Build configuration list for PBXProject "TodoReminder" */;
			compatibilityVersion = "Xcode 14.0";
			developmentRegion = en;
			hasScannedForEncodings = 0;
			knownRegions = (
				en,
				Base,
			);
			mainGroup = E0ECECF12C33F9B300A67525;
			packageReferences = (
				E0ECED1F2C33FCFE00A67525 /* XCRemoteSwiftPackageReference "SnapKit" */,
				E0ECED342C3405E000A67525 /* XCRemoteSwiftPackageReference "realm-swift" */,
				E0ECED482C34367000A67525 /* XCRemoteSwiftPackageReference "Toast-Swift" */,
				E0ECED862C390D4B00A67525 /* XCRemoteSwiftPackageReference "FSCalendar" */,
			);
			productRefGroup = E0ECECFB2C33F9B300A67525 /* Products */;
			projectDirPath = "";
			projectRoot = "";
			targets = (
				E0ECECF92C33F9B300A67525 /* TodoReminder */,
			);
		};
/* End PBXProject section */

/* Begin PBXResourcesBuildPhase section */
		E0ECECF82C33F9B300A67525 /* Resources */ = {
			isa = PBXResourcesBuildPhase;
			buildActionMask = 2147483647;
			files = (
				E0ECED122C33F9FA00A67525 /* .gitignore in Resources */,
				E0ECED072C33F9B400A67525 /* Assets.xcassets in Resources */,
				E0ECED0A2C33F9B400A67525 /* Base in Resources */,
			);
			runOnlyForDeploymentPostprocessing = 0;
		};
/* End PBXResourcesBuildPhase section */

/* Begin PBXSourcesBuildPhase section */
		E0ECECF62C33F9B300A67525 /* Sources */ = {
			isa = PBXSourcesBuildPhase;
			buildActionMask = 2147483647;
			files = (
				E0F85A6A2C3E58A00075E7A9 /* AddViewModel.swift in Sources */,
				E0ECED332C3405BC00A67525 /* Todo.swift in Sources */,
				E0ECED3F2C3422E400A67525 /* AttributeTableViewCell.swift in Sources */,
				E0ECED1E2C33FC4F00A67525 /* BaseViewControllerLargeTitle.swift in Sources */,
				E0F85A6E2C3E73D60075E7A9 /* DocumentManager.swift in Sources */,
				E0ECECFE2C33F9B300A67525 /* AppDelegate.swift in Sources */,
				E0F85A272C3BD4F90075E7A9 /* UIColor + Extension.swift in Sources */,
				E0ECED2E2C34037500A67525 /* Resource.swift in Sources */,
				E0ECED742C36908500A67525 /* TodoRepository.swift in Sources */,
				E0F85A292C3BEA650075E7A9 /* TodoListRepository.swift in Sources */,
				E0ECED4E2C343D8700A67525 /* ListTableViewCell.swift in Sources */,
				E0ECED252C34018D00A67525 /* ReminderCase.swift in Sources */,
				E0ECED672C357E2C00A67525 /* PriorityViewController.swift in Sources */,
				E0ECED002C33F9B300A67525 /* SceneDelegate.swift in Sources */,
				E0ECED832C37E06000A67525 /* UICollectionViewLayout + Extension.swift in Sources */,
				E0ECED1A2C33FB6400A67525 /* AddViewController.swift in Sources */,
				E0ECED502C34D10900A67525 /* TodoList.swift in Sources */,
				E0ECED302C34052500A67525 /* MainCollectionViewCell.swift in Sources */,
				E0F85A682C3E39A30075E7A9 /* Observable.swift in Sources */,
				E0ECED172C33FB0300A67525 /* BaseViewController.swift in Sources */,
				E0ECED6C2C35866B00A67525 /* CustomHorizontalStackView.swift in Sources */,
				E0ECED1C2C33FBD200A67525 /* MainViewController.swift in Sources */,
				E0ECED452C3429C600A67525 /* ContentTableViewCell.swift in Sources */,
				E0ECED5F2C3558BB00A67525 /* DateViewController.swift in Sources */,
				E0ECED612C35745800A67525 /* TagViewController.swift in Sources */,
				E0F85A6C2C3E71FE0075E7A9 /* DateFormatterManager.swift in Sources */,
				E0ECED3D2C341CCF00A67525 /* UIViewController + Extension.swift in Sources */,
				E0ECED472C3429D900A67525 /* BaseTableViewCell.swift in Sources */,
				E0ECED4C2C343B2D00A67525 /* ListViewController.swift in Sources */,
				E0ECED812C37DFF000A67525 /* CalendarViewController.swift in Sources */,
				E0ECED652C357CEB00A67525 /* CustomBorder.swift in Sources */,
				E0ECED2C2C3402D300A67525 /* ReusableIdentifier.swift in Sources */,
				E0F85A662C3E39970075E7A9 /* MainViewModel.swift in Sources */,
			);
			runOnlyForDeploymentPostprocessing = 0;
		};
/* End PBXSourcesBuildPhase section */

/* Begin PBXVariantGroup section */
		E0ECED082C33F9B400A67525 /* LaunchScreen.storyboard */ = {
			isa = PBXVariantGroup;
			children = (
				E0ECED092C33F9B400A67525 /* Base */,
			);
			name = LaunchScreen.storyboard;
			sourceTree = "<group>";
		};
/* End PBXVariantGroup section */

/* Begin XCBuildConfiguration section */
		E0ECED0C2C33F9B400A67525 /* Debug */ = {
			isa = XCBuildConfiguration;
			buildSettings = {
				ALWAYS_SEARCH_USER_PATHS = NO;
				ASSETCATALOG_COMPILER_GENERATE_SWIFT_ASSET_SYMBOL_EXTENSIONS = YES;
				CLANG_ANALYZER_NONNULL = YES;
				CLANG_ANALYZER_NUMBER_OBJECT_CONVERSION = YES_AGGRESSIVE;
				CLANG_CXX_LANGUAGE_STANDARD = "gnu++20";
				CLANG_ENABLE_MODULES = YES;
				CLANG_ENABLE_OBJC_ARC = YES;
				CLANG_ENABLE_OBJC_WEAK = YES;
				CLANG_WARN_BLOCK_CAPTURE_AUTORELEASING = YES;
				CLANG_WARN_BOOL_CONVERSION = YES;
				CLANG_WARN_COMMA = YES;
				CLANG_WARN_CONSTANT_CONVERSION = YES;
				CLANG_WARN_DEPRECATED_OBJC_IMPLEMENTATIONS = YES;
				CLANG_WARN_DIRECT_OBJC_ISA_USAGE = YES_ERROR;
				CLANG_WARN_DOCUMENTATION_COMMENTS = YES;
				CLANG_WARN_EMPTY_BODY = YES;
				CLANG_WARN_ENUM_CONVERSION = YES;
				CLANG_WARN_INFINITE_RECURSION = YES;
				CLANG_WARN_INT_CONVERSION = YES;
				CLANG_WARN_NON_LITERAL_NULL_CONVERSION = YES;
				CLANG_WARN_OBJC_IMPLICIT_RETAIN_SELF = YES;
				CLANG_WARN_OBJC_LITERAL_CONVERSION = YES;
				CLANG_WARN_OBJC_ROOT_CLASS = YES_ERROR;
				CLANG_WARN_QUOTED_INCLUDE_IN_FRAMEWORK_HEADER = YES;
				CLANG_WARN_RANGE_LOOP_ANALYSIS = YES;
				CLANG_WARN_STRICT_PROTOTYPES = YES;
				CLANG_WARN_SUSPICIOUS_MOVE = YES;
				CLANG_WARN_UNGUARDED_AVAILABILITY = YES_AGGRESSIVE;
				CLANG_WARN_UNREACHABLE_CODE = YES;
				CLANG_WARN__DUPLICATE_METHOD_MATCH = YES;
				COPY_PHASE_STRIP = NO;
				DEBUG_INFORMATION_FORMAT = dwarf;
				ENABLE_STRICT_OBJC_MSGSEND = YES;
				ENABLE_TESTABILITY = YES;
				ENABLE_USER_SCRIPT_SANDBOXING = YES;
				GCC_C_LANGUAGE_STANDARD = gnu17;
				GCC_DYNAMIC_NO_PIC = NO;
				GCC_NO_COMMON_BLOCKS = YES;
				GCC_OPTIMIZATION_LEVEL = 0;
				GCC_PREPROCESSOR_DEFINITIONS = (
					"DEBUG=1",
					"$(inherited)",
				);
				GCC_WARN_64_TO_32_BIT_CONVERSION = YES;
				GCC_WARN_ABOUT_RETURN_TYPE = YES_ERROR;
				GCC_WARN_UNDECLARED_SELECTOR = YES;
				GCC_WARN_UNINITIALIZED_AUTOS = YES_AGGRESSIVE;
				GCC_WARN_UNUSED_FUNCTION = YES;
				GCC_WARN_UNUSED_VARIABLE = YES;
				IPHONEOS_DEPLOYMENT_TARGET = 16.0;
				LOCALIZATION_PREFERS_STRING_CATALOGS = YES;
				MTL_ENABLE_DEBUG_INFO = INCLUDE_SOURCE;
				MTL_FAST_MATH = YES;
				ONLY_ACTIVE_ARCH = YES;
				SDKROOT = iphoneos;
				SWIFT_ACTIVE_COMPILATION_CONDITIONS = "DEBUG $(inherited)";
				SWIFT_OPTIMIZATION_LEVEL = "-Onone";
			};
			name = Debug;
		};
		E0ECED0D2C33F9B400A67525 /* Release */ = {
			isa = XCBuildConfiguration;
			buildSettings = {
				ALWAYS_SEARCH_USER_PATHS = NO;
				ASSETCATALOG_COMPILER_GENERATE_SWIFT_ASSET_SYMBOL_EXTENSIONS = YES;
				CLANG_ANALYZER_NONNULL = YES;
				CLANG_ANALYZER_NUMBER_OBJECT_CONVERSION = YES_AGGRESSIVE;
				CLANG_CXX_LANGUAGE_STANDARD = "gnu++20";
				CLANG_ENABLE_MODULES = YES;
				CLANG_ENABLE_OBJC_ARC = YES;
				CLANG_ENABLE_OBJC_WEAK = YES;
				CLANG_WARN_BLOCK_CAPTURE_AUTORELEASING = YES;
				CLANG_WARN_BOOL_CONVERSION = YES;
				CLANG_WARN_COMMA = YES;
				CLANG_WARN_CONSTANT_CONVERSION = YES;
				CLANG_WARN_DEPRECATED_OBJC_IMPLEMENTATIONS = YES;
				CLANG_WARN_DIRECT_OBJC_ISA_USAGE = YES_ERROR;
				CLANG_WARN_DOCUMENTATION_COMMENTS = YES;
				CLANG_WARN_EMPTY_BODY = YES;
				CLANG_WARN_ENUM_CONVERSION = YES;
				CLANG_WARN_INFINITE_RECURSION = YES;
				CLANG_WARN_INT_CONVERSION = YES;
				CLANG_WARN_NON_LITERAL_NULL_CONVERSION = YES;
				CLANG_WARN_OBJC_IMPLICIT_RETAIN_SELF = YES;
				CLANG_WARN_OBJC_LITERAL_CONVERSION = YES;
				CLANG_WARN_OBJC_ROOT_CLASS = YES_ERROR;
				CLANG_WARN_QUOTED_INCLUDE_IN_FRAMEWORK_HEADER = YES;
				CLANG_WARN_RANGE_LOOP_ANALYSIS = YES;
				CLANG_WARN_STRICT_PROTOTYPES = YES;
				CLANG_WARN_SUSPICIOUS_MOVE = YES;
				CLANG_WARN_UNGUARDED_AVAILABILITY = YES_AGGRESSIVE;
				CLANG_WARN_UNREACHABLE_CODE = YES;
				CLANG_WARN__DUPLICATE_METHOD_MATCH = YES;
				COPY_PHASE_STRIP = NO;
				DEBUG_INFORMATION_FORMAT = "dwarf-with-dsym";
				ENABLE_NS_ASSERTIONS = NO;
				ENABLE_STRICT_OBJC_MSGSEND = YES;
				ENABLE_USER_SCRIPT_SANDBOXING = YES;
				GCC_C_LANGUAGE_STANDARD = gnu17;
				GCC_NO_COMMON_BLOCKS = YES;
				GCC_WARN_64_TO_32_BIT_CONVERSION = YES;
				GCC_WARN_ABOUT_RETURN_TYPE = YES_ERROR;
				GCC_WARN_UNDECLARED_SELECTOR = YES;
				GCC_WARN_UNINITIALIZED_AUTOS = YES_AGGRESSIVE;
				GCC_WARN_UNUSED_FUNCTION = YES;
				GCC_WARN_UNUSED_VARIABLE = YES;
				IPHONEOS_DEPLOYMENT_TARGET = 16.0;
				LOCALIZATION_PREFERS_STRING_CATALOGS = YES;
				MTL_ENABLE_DEBUG_INFO = NO;
				MTL_FAST_MATH = YES;
				SDKROOT = iphoneos;
				SWIFT_COMPILATION_MODE = wholemodule;
				VALIDATE_PRODUCT = YES;
			};
			name = Release;
		};
		E0ECED0F2C33F9B400A67525 /* Debug */ = {
			isa = XCBuildConfiguration;
			buildSettings = {
				ASSETCATALOG_COMPILER_APPICON_NAME = AppIcon;
				ASSETCATALOG_COMPILER_GLOBAL_ACCENT_COLOR_NAME = AccentColor;
				CODE_SIGN_STYLE = Automatic;
				CURRENT_PROJECT_VERSION = 1;
				DEVELOPMENT_TEAM = L348QC8MG7;
				GENERATE_INFOPLIST_FILE = YES;
				INFOPLIST_FILE = TodoReminder/Info.plist;
				INFOPLIST_KEY_UIApplicationSupportsIndirectInputEvents = YES;
				INFOPLIST_KEY_UILaunchStoryboardName = LaunchScreen;
				INFOPLIST_KEY_UISupportedInterfaceOrientations = UIInterfaceOrientationPortrait;
				INFOPLIST_KEY_UISupportedInterfaceOrientations_iPad = "UIInterfaceOrientationLandscapeLeft UIInterfaceOrientationLandscapeRight UIInterfaceOrientationPortrait UIInterfaceOrientationPortraitUpsideDown";
				IPHONEOS_DEPLOYMENT_TARGET = 16.0;
				LD_RUNPATH_SEARCH_PATHS = (
					"$(inherited)",
					"@executable_path/Frameworks",
				);
				MARKETING_VERSION = 1.0;
				PRODUCT_BUNDLE_IDENTIFIER = jeongyun.TodoReminder;
				PRODUCT_NAME = "$(TARGET_NAME)";
				SUPPORTED_PLATFORMS = "iphoneos iphonesimulator";
				SUPPORTS_MACCATALYST = NO;
				SUPPORTS_MAC_DESIGNED_FOR_IPHONE_IPAD = NO;
				SUPPORTS_XR_DESIGNED_FOR_IPHONE_IPAD = NO;
				SWIFT_EMIT_LOC_STRINGS = YES;
				SWIFT_VERSION = 5.0;
				TARGETED_DEVICE_FAMILY = 1;
			};
			name = Debug;
		};
		E0ECED102C33F9B400A67525 /* Release */ = {
			isa = XCBuildConfiguration;
			buildSettings = {
				ASSETCATALOG_COMPILER_APPICON_NAME = AppIcon;
				ASSETCATALOG_COMPILER_GLOBAL_ACCENT_COLOR_NAME = AccentColor;
				CODE_SIGN_STYLE = Automatic;
				CURRENT_PROJECT_VERSION = 1;
				DEVELOPMENT_TEAM = L348QC8MG7;
				GENERATE_INFOPLIST_FILE = YES;
				INFOPLIST_FILE = TodoReminder/Info.plist;
				INFOPLIST_KEY_UIApplicationSupportsIndirectInputEvents = YES;
				INFOPLIST_KEY_UILaunchStoryboardName = LaunchScreen;
				INFOPLIST_KEY_UISupportedInterfaceOrientations = UIInterfaceOrientationPortrait;
				INFOPLIST_KEY_UISupportedInterfaceOrientations_iPad = "UIInterfaceOrientationLandscapeLeft UIInterfaceOrientationLandscapeRight UIInterfaceOrientationPortrait UIInterfaceOrientationPortraitUpsideDown";
				IPHONEOS_DEPLOYMENT_TARGET = 16.0;
				LD_RUNPATH_SEARCH_PATHS = (
					"$(inherited)",
					"@executable_path/Frameworks",
				);
				MARKETING_VERSION = 1.0;
				PRODUCT_BUNDLE_IDENTIFIER = jeongyun.TodoReminder;
				PRODUCT_NAME = "$(TARGET_NAME)";
				SUPPORTED_PLATFORMS = "iphoneos iphonesimulator";
				SUPPORTS_MACCATALYST = NO;
				SUPPORTS_MAC_DESIGNED_FOR_IPHONE_IPAD = NO;
				SUPPORTS_XR_DESIGNED_FOR_IPHONE_IPAD = NO;
				SWIFT_EMIT_LOC_STRINGS = YES;
				SWIFT_VERSION = 5.0;
				TARGETED_DEVICE_FAMILY = 1;
			};
			name = Release;
		};
/* End XCBuildConfiguration section */

/* Begin XCConfigurationList section */
		E0ECECF52C33F9B300A67525 /* Build configuration list for PBXProject "TodoReminder" */ = {
			isa = XCConfigurationList;
			buildConfigurations = (
				E0ECED0C2C33F9B400A67525 /* Debug */,
				E0ECED0D2C33F9B400A67525 /* Release */,
			);
			defaultConfigurationIsVisible = 0;
			defaultConfigurationName = Release;
		};
		E0ECED0E2C33F9B400A67525 /* Build configuration list for PBXNativeTarget "TodoReminder" */ = {
			isa = XCConfigurationList;
			buildConfigurations = (
				E0ECED0F2C33F9B400A67525 /* Debug */,
				E0ECED102C33F9B400A67525 /* Release */,
			);
			defaultConfigurationIsVisible = 0;
			defaultConfigurationName = Release;
		};
/* End XCConfigurationList section */

/* Begin XCRemoteSwiftPackageReference section */
		E0ECED1F2C33FCFE00A67525 /* XCRemoteSwiftPackageReference "SnapKit" */ = {
			isa = XCRemoteSwiftPackageReference;
			repositoryURL = "https://github.com/SnapKit/SnapKit";
			requirement = {
				kind = upToNextMajorVersion;
				minimumVersion = 5.7.1;
			};
		};
		E0ECED342C3405E000A67525 /* XCRemoteSwiftPackageReference "realm-swift" */ = {
			isa = XCRemoteSwiftPackageReference;
			repositoryURL = "https://github.com/realm/realm-swift.git";
			requirement = {
				kind = exactVersion;
				version = 10.52.1;
			};
		};
		E0ECED482C34367000A67525 /* XCRemoteSwiftPackageReference "Toast-Swift" */ = {
			isa = XCRemoteSwiftPackageReference;
			repositoryURL = "https://github.com/scalessec/Toast-Swift";
			requirement = {
				kind = upToNextMajorVersion;
				minimumVersion = 5.1.1;
			};
		};
		E0ECED862C390D4B00A67525 /* XCRemoteSwiftPackageReference "FSCalendar" */ = {
			isa = XCRemoteSwiftPackageReference;
			repositoryURL = "https://github.com/WenchaoD/FSCalendar.git";
			requirement = {
				kind = upToNextMajorVersion;
				minimumVersion = 2.8.4;
			};
		};
/* End XCRemoteSwiftPackageReference section */

/* Begin XCSwiftPackageProductDependency section */
		E0ECED202C33FCFE00A67525 /* SnapKit */ = {
			isa = XCSwiftPackageProductDependency;
			package = E0ECED1F2C33FCFE00A67525 /* XCRemoteSwiftPackageReference "SnapKit" */;
			productName = SnapKit;
		};
		E0ECED352C3405E000A67525 /* RealmSwift */ = {
			isa = XCSwiftPackageProductDependency;
			package = E0ECED342C3405E000A67525 /* XCRemoteSwiftPackageReference "realm-swift" */;
			productName = RealmSwift;
		};
		E0ECED492C34367000A67525 /* Toast */ = {
			isa = XCSwiftPackageProductDependency;
			package = E0ECED482C34367000A67525 /* XCRemoteSwiftPackageReference "Toast-Swift" */;
			productName = Toast;
		};
		E0ECED872C390D4B00A67525 /* FSCalendar */ = {
			isa = XCSwiftPackageProductDependency;
			package = E0ECED862C390D4B00A67525 /* XCRemoteSwiftPackageReference "FSCalendar" */;
			productName = FSCalendar;
		};
/* End XCSwiftPackageProductDependency section */
	};
	rootObject = E0ECECF22C33F9B300A67525 /* Project object */;
}
